
Microsoft Visual Studio Solution File, Format Version 12.00
# Visual Studio Version 17
VisualStudioVersion = 17.1.32421.90
MinimumVisualStudioVersion = 10.0.40219.1
Project("{9A19103F-16F7-4668-BE54-9A1E7A4F7556}") = "Cameca.CustomAnalysis.BAnalysis", "Cameca.CustomAnalysis.BAnalysis\Cameca.CustomAnalysis.BAnalysis.csproj", "{2E2CF5E1-10D6-4AAF-A481-88A8F92F4066}"
EndProject
Project("{2150E333-8FDC-42A3-9474-1A3956D46DE8}") = "Solution Items", "Solution Items", "{2E9F7581-0F2F-4D79-9340-696372A823E6}"
	ProjectSection(SolutionItems) = preProject
		.gitattributes = .gitattributes
		.gitignore = .gitignore
		GitVersion.yml = GitVersion.yml
		nuget.config = nuget.config
	EndProjectSection
EndProject
Project("{2150E333-8FDC-42A3-9474-1A3956D46DE8}") = ".github", ".github", "{1B6C8C4C-8F59-41DD-9A3A-20CAB6615A80}"
EndProject
Project("{2150E333-8FDC-42A3-9474-1A3956D46DE8}") = "workflows", "workflows", "{2AAE7B80-ECF0-40AE-AF06-D76BC5B84130}"
	ProjectSection(SolutionItems) = preProject
		.github\workflows\preview-deployment.yml = .github\workflows\preview-deployment.yml
		.github\workflows\release-deployment.yml = .github\workflows\release-deployment.yml
	EndProjectSection
EndProject
Global
	GlobalSection(SolutionConfigurationPlatforms) = preSolution
		Debug|Any CPU = Debug|Any CPU
		Debug|x64 = Debug|x64
		Release|Any CPU = Release|Any CPU
		Release|x64 = Release|x64
	EndGlobalSection
	GlobalSection(ProjectConfigurationPlatforms) = postSolution
		{2E2CF5E1-10D6-4AAF-A481-88A8F92F4066}.Debug|Any CPU.ActiveCfg = Debug|x64
		{2E2CF5E1-10D6-4AAF-A481-88A8F92F4066}.Debug|Any CPU.Build.0 = Debug|x64
		{2E2CF5E1-10D6-4AAF-A481-88A8F92F4066}.Debug|x64.ActiveCfg = Debug|x64
		{2E2CF5E1-10D6-4AAF-A481-88A8F92F4066}.Debug|x64.Build.0 = Debug|x64
		{2E2CF5E1-10D6-4AAF-A481-88A8F92F4066}.Release|Any CPU.ActiveCfg = Release|x64
		{2E2CF5E1-10D6-4AAF-A481-88A8F92F4066}.Release|Any CPU.Build.0 = Release|x64
		{2E2CF5E1-10D6-4AAF-A481-88A8F92F4066}.Release|x64.ActiveCfg = Release|x64
		{2E2CF5E1-10D6-4AAF-A481-88A8F92F4066}.Release|x64.Build.0 = Release|x64
	EndGlobalSection
	GlobalSection(SolutionProperties) = preSolution
		HideSolutionNode = FALSE
	EndGlobalSection
	GlobalSection(NestedProjects) = preSolution
		{1B6C8C4C-8F59-41DD-9A3A-20CAB6615A80} = {2E9F7581-0F2F-4D79-9340-696372A823E6}
		{2AAE7B80-ECF0-40AE-AF06-D76BC5B84130} = {1B6C8C4C-8F59-41DD-9A3A-20CAB6615A80}
	EndGlobalSection
	GlobalSection(ExtensibilityGlobals) = postSolution
		SolutionGuid = {6B3DEC18-818E-4F68-A0F4-B4077FDBA24B}
	EndGlobalSection
EndGlobal
